
Microsoft Visual Studio Solution File, Format Version 12.00
# Visual Studio Version 16
VisualStudioVersion = 16.0.31424.327
MinimumVisualStudioVersion = 10.0.40219.1
Project("{9A19103F-16F7-4668-BE54-9A1E7A4F7556}") = "XtramileSolutions.API", "XtramileSolutions.API\XtramileSolutions.API.csproj", "{C46DC8FE-8E12-46AA-8F32-3A94C10906FA}"
EndProject
Project("{9A19103F-16F7-4668-BE54-9A1E7A4F7556}") = "XtramileSolutions.Web", "XtramileSolutions.Web\XtramileSolutions.Web.csproj", "{EAC66A38-12B5-4758-B743-43D7316DC1A6}"
EndProject
Project("{FAE04EC0-301F-11D3-BF4B-00C04F79EFBC}") = "UnitTestXtramileSolutions", "UnitTestXtramileSolutions\UnitTestXtramileSolutions.csproj", "{17FB40AF-C44A-42C5-8182-F35C8C03C823}"
EndProject
Global
	GlobalSection(SolutionConfigurationPlatforms) = preSolution
		Debug|Any CPU = Debug|Any CPU
		Release|Any CPU = Release|Any CPU
	EndGlobalSection
	GlobalSection(ProjectConfigurationPlatforms) = postSolution
		{C46DC8FE-8E12-46AA-8F32-3A94C10906FA}.Debug|Any CPU.ActiveCfg = Debug|Any CPU
		{C46DC8FE-8E12-46AA-8F32-3A94C10906FA}.Debug|Any CPU.Build.0 = Debug|Any CPU
		{C46DC8FE-8E12-46AA-8F32-3A94C10906FA}.Release|Any CPU.ActiveCfg = Release|Any CPU
		{C46DC8FE-8E12-46AA-8F32-3A94C10906FA}.Release|Any CPU.Build.0 = Release|Any CPU
		{EAC66A38-12B5-4758-B743-43D7316DC1A6}.Debug|Any CPU.ActiveCfg = Debug|Any CPU
		{EAC66A38-12B5-4758-B743-43D7316DC1A6}.Debug|Any CPU.Build.0 = Debug|Any CPU
		{EAC66A38-12B5-4758-B743-43D7316DC1A6}.Release|Any CPU.ActiveCfg = Release|Any CPU
		{EAC66A38-12B5-4758-B743-43D7316DC1A6}.Release|Any CPU.Build.0 = Release|Any CPU
		{17FB40AF-C44A-42C5-8182-F35C8C03C823}.Debug|Any CPU.ActiveCfg = Debug|Any CPU
		{17FB40AF-C44A-42C5-8182-F35C8C03C823}.Debug|Any CPU.Build.0 = Debug|Any CPU
		{17FB40AF-C44A-42C5-8182-F35C8C03C823}.Release|Any CPU.ActiveCfg = Release|Any CPU
		{17FB40AF-C44A-42C5-8182-F35C8C03C823}.Release|Any CPU.Build.0 = Release|Any CPU
	EndGlobalSection
	GlobalSection(SolutionProperties) = preSolution
		HideSolutionNode = FALSE
	EndGlobalSection
	GlobalSection(ExtensibilityGlobals) = postSolution
		SolutionGuid = {846FC8C5-29BC-4B30-AB1F-86C72D65FD07}
	EndGlobalSection
EndGlobal
